
Microsoft Visual Studio Solution File, Format Version 12.00
# Visual Studio Version 16
VisualStudioVersion = 16.0.30803.129
MinimumVisualStudioVersion = 10.0.40219.1
Project("{FAE04EC0-301F-11D3-BF4B-00C04F79EFBC}") = "ActionResultTypes", "ActionResultTypes\ActionResultTypes.csproj", "{AF62A794-2CF9-4CB9-90A9-DE1DB1B16789}"
EndProject
Global
	GlobalSection(SolutionConfigurationPlatforms) = preSolution
		Debug|Any CPU = Debug|Any CPU
		Release|Any CPU = Release|Any CPU
	EndGlobalSection
	GlobalSection(ProjectConfigurationPlatforms) = postSolution
		{AF62A794-2CF9-4CB9-90A9-DE1DB1B16789}.Debug|Any CPU.ActiveCfg = Debug|Any CPU
		{AF62A794-2CF9-4CB9-90A9-DE1DB1B16789}.Debug|Any CPU.Build.0 = Debug|Any CPU
		{AF62A794-2CF9-4CB9-90A9-DE1DB1B16789}.Release|Any CPU.ActiveCfg = Release|Any CPU
		{AF62A794-2CF9-4CB9-90A9-DE1DB1B16789}.Release|Any CPU.Build.0 = Release|Any CPU
	EndGlobalSection
	GlobalSection(SolutionProperties) = preSolution
		HideSolutionNode = FALSE
	EndGlobalSection
	GlobalSection(ExtensibilityGlobals) = postSolution
		SolutionGuid = {8D9C4217-9901-44DA-97EB-8F6CBE0BC71A}
	EndGlobalSection
EndGlobal
